
Microsoft Visual Studio Solution File, Format Version 12.00
# Visual Studio Version 16
VisualStudioVersion = 16.0.29306.81
MinimumVisualStudioVersion = 10.0.40219.1
Project("{FAE04EC0-301F-11D3-BF4B-00C04F79EFBC}") = "Tracker.Android", "Tracker\Tracker.Android\Tracker.Android.csproj", "{2F281EBC-CAC8-4488-B507-A5414893EB6E}"
EndProject
Project("{FAE04EC0-301F-11D3-BF4B-00C04F79EFBC}") = "Tracker", "Tracker\Tracker\Tracker.csproj", "{04368657-FB69-4099-AF64-DD63DC5B2F61}"
EndProject
Global
	GlobalSection(SolutionConfigurationPlatforms) = preSolution
		Debug|Any CPU = Debug|Any CPU
		Release|Any CPU = Release|Any CPU
	EndGlobalSection
	GlobalSection(ProjectConfigurationPlatforms) = postSolution
		{2F281EBC-CAC8-4488-B507-A5414893EB6E}.Debug|Any CPU.ActiveCfg = Debug|Any CPU
		{2F281EBC-CAC8-4488-B507-A5414893EB6E}.Debug|Any CPU.Build.0 = Debug|Any CPU
		{2F281EBC-CAC8-4488-B507-A5414893EB6E}.Debug|Any CPU.Deploy.0 = Debug|Any CPU
		{2F281EBC-CAC8-4488-B507-A5414893EB6E}.Release|Any CPU.ActiveCfg = Release|Any CPU
		{2F281EBC-CAC8-4488-B507-A5414893EB6E}.Release|Any CPU.Build.0 = Release|Any CPU
		{2F281EBC-CAC8-4488-B507-A5414893EB6E}.Release|Any CPU.Deploy.0 = Release|Any CPU
		{04368657-FB69-4099-AF64-DD63DC5B2F61}.Debug|Any CPU.ActiveCfg = Debug|Any CPU
		{04368657-FB69-4099-AF64-DD63DC5B2F61}.Debug|Any CPU.Build.0 = Debug|Any CPU
		{04368657-FB69-4099-AF64-DD63DC5B2F61}.Debug|Any CPU.Deploy.0 = Debug|Any CPU
		{04368657-FB69-4099-AF64-DD63DC5B2F61}.Release|Any CPU.ActiveCfg = Release|Any CPU
		{04368657-FB69-4099-AF64-DD63DC5B2F61}.Release|Any CPU.Build.0 = Release|Any CPU
		{04368657-FB69-4099-AF64-DD63DC5B2F61}.Release|Any CPU.Deploy.0 = Release|Any CPU
	EndGlobalSection
	GlobalSection(SolutionProperties) = preSolution
		HideSolutionNode = FALSE
	EndGlobalSection
	GlobalSection(ExtensibilityGlobals) = postSolution
		SolutionGuid = {682FC392-0691-484B-BCD0-E0BFB58F9F86}
	EndGlobalSection
EndGlobal
